
Microsoft Visual Studio Solution File, Format Version 12.00
# Visual Studio 2012
Project("{FAE04EC0-301F-11D3-BF4B-00C04F79EFBC}") = "lesson3", "lesson3\lesson3.csproj", "{8E58BE75-1E7E-4608-B5D4-6E1009E9259F}"
EndProject
Global
	GlobalSection(SolutionConfigurationPlatforms) = preSolution
		Debug|Any CPU = Debug|Any CPU
		Release|Any CPU = Release|Any CPU
	EndGlobalSection
	GlobalSection(ProjectConfigurationPlatforms) = postSolution
		{8E58BE75-1E7E-4608-B5D4-6E1009E9259F}.Debug|Any CPU.ActiveCfg = Debug|Any CPU
		{8E58BE75-1E7E-4608-B5D4-6E1009E9259F}.Debug|Any CPU.Build.0 = Debug|Any CPU
		{8E58BE75-1E7E-4608-B5D4-6E1009E9259F}.Release|Any CPU.ActiveCfg = Release|Any CPU
		{8E58BE75-1E7E-4608-B5D4-6E1009E9259F}.Release|Any CPU.Build.0 = Release|Any CPU
	EndGlobalSection
EndGlobal
