
Microsoft Visual Studio Solution File, Format Version 12.00
# Visual Studio 2012
Project("{FAE04EC0-301F-11D3-BF4B-00C04F79EFBC}") = "3", "3\3.csproj", "{4F644824-2217-482F-92FA-91FCA297D964}"
EndProject
Project("{FAE04EC0-301F-11D3-BF4B-00C04F79EFBC}") = "4", "4\4.csproj", "{BBF9F3BA-CCFF-41E4-BF73-8780AB074D9E}"
EndProject
Project("{FAE04EC0-301F-11D3-BF4B-00C04F79EFBC}") = "5", "5\5.csproj", "{13DE0828-0EEA-49AE-9304-8B32E7A63DE1}"
EndProject
Project("{FAE04EC0-301F-11D3-BF4B-00C04F79EFBC}") = "20", "20\20.csproj", "{A11934FD-877E-4CF3-B103-3BE229EEC0F0}"
EndProject
Global
	GlobalSection(SolutionConfigurationPlatforms) = preSolution
		Debug|Any CPU = Debug|Any CPU
		Release|Any CPU = Release|Any CPU
	EndGlobalSection
	GlobalSection(ProjectConfigurationPlatforms) = postSolution
		{4F644824-2217-482F-92FA-91FCA297D964}.Debug|Any CPU.ActiveCfg = Debug|Any CPU
		{4F644824-2217-482F-92FA-91FCA297D964}.Debug|Any CPU.Build.0 = Debug|Any CPU
		{4F644824-2217-482F-92FA-91FCA297D964}.Release|Any CPU.ActiveCfg = Release|Any CPU
		{4F644824-2217-482F-92FA-91FCA297D964}.Release|Any CPU.Build.0 = Release|Any CPU
		{BBF9F3BA-CCFF-41E4-BF73-8780AB074D9E}.Debug|Any CPU.ActiveCfg = Debug|Any CPU
		{BBF9F3BA-CCFF-41E4-BF73-8780AB074D9E}.Debug|Any CPU.Build.0 = Debug|Any CPU
		{BBF9F3BA-CCFF-41E4-BF73-8780AB074D9E}.Release|Any CPU.ActiveCfg = Release|Any CPU
		{BBF9F3BA-CCFF-41E4-BF73-8780AB074D9E}.Release|Any CPU.Build.0 = Release|Any CPU
		{13DE0828-0EEA-49AE-9304-8B32E7A63DE1}.Debug|Any CPU.ActiveCfg = Debug|Any CPU
		{13DE0828-0EEA-49AE-9304-8B32E7A63DE1}.Debug|Any CPU.Build.0 = Debug|Any CPU
		{13DE0828-0EEA-49AE-9304-8B32E7A63DE1}.Release|Any CPU.ActiveCfg = Release|Any CPU
		{13DE0828-0EEA-49AE-9304-8B32E7A63DE1}.Release|Any CPU.Build.0 = Release|Any CPU
		{A11934FD-877E-4CF3-B103-3BE229EEC0F0}.Debug|Any CPU.ActiveCfg = Debug|Any CPU
		{A11934FD-877E-4CF3-B103-3BE229EEC0F0}.Debug|Any CPU.Build.0 = Debug|Any CPU
		{A11934FD-877E-4CF3-B103-3BE229EEC0F0}.Release|Any CPU.ActiveCfg = Release|Any CPU
		{A11934FD-877E-4CF3-B103-3BE229EEC0F0}.Release|Any CPU.Build.0 = Release|Any CPU
	EndGlobalSection
EndGlobal
