
Microsoft Visual Studio Solution File, Format Version 12.00
# Visual Studio 2012
Project("{FAE04EC0-301F-11D3-BF4B-00C04F79EFBC}") = "lesson3.2", "lesson3.2\lesson3.2.csproj", "{606007F6-6A3A-47FF-AC37-72BD0738F828}"
EndProject
Global
	GlobalSection(SolutionConfigurationPlatforms) = preSolution
		Debug|Any CPU = Debug|Any CPU
		Release|Any CPU = Release|Any CPU
	EndGlobalSection
	GlobalSection(ProjectConfigurationPlatforms) = postSolution
		{606007F6-6A3A-47FF-AC37-72BD0738F828}.Debug|Any CPU.ActiveCfg = Debug|Any CPU
		{606007F6-6A3A-47FF-AC37-72BD0738F828}.Debug|Any CPU.Build.0 = Debug|Any CPU
		{606007F6-6A3A-47FF-AC37-72BD0738F828}.Release|Any CPU.ActiveCfg = Release|Any CPU
		{606007F6-6A3A-47FF-AC37-72BD0738F828}.Release|Any CPU.Build.0 = Release|Any CPU
	EndGlobalSection
EndGlobal
