
Microsoft Visual Studio Solution File, Format Version 12.00
# Visual Studio 2012
Project("{FAE04EC0-301F-11D3-BF4B-00C04F79EFBC}") = "EA", "EA\EA.csproj", "{09054022-6BA5-42D0-BCC7-C8E76DD55314}"
EndProject
Global
	GlobalSection(SolutionConfigurationPlatforms) = preSolution
		Debug|Any CPU = Debug|Any CPU
		Release|Any CPU = Release|Any CPU
	EndGlobalSection
	GlobalSection(ProjectConfigurationPlatforms) = postSolution
		{09054022-6BA5-42D0-BCC7-C8E76DD55314}.Debug|Any CPU.ActiveCfg = Debug|Any CPU
		{09054022-6BA5-42D0-BCC7-C8E76DD55314}.Debug|Any CPU.Build.0 = Debug|Any CPU
		{09054022-6BA5-42D0-BCC7-C8E76DD55314}.Release|Any CPU.ActiveCfg = Release|Any CPU
		{09054022-6BA5-42D0-BCC7-C8E76DD55314}.Release|Any CPU.Build.0 = Release|Any CPU
	EndGlobalSection
EndGlobal
